# THIS IS AN AUTOGENERATED FILE. DO NOT EDIT THIS FILE DIRECTLY.
# yarn lockfile v1


lucide-react@^0.561.0:
  version "0.561.0"
  resolved "https://registry.yarnpkg.com/lucide-react/-/lucide-react-0.561.0.tgz#8eb440395cf01b27da9c65cb014eb2c71f77e656"
  integrity sha512-Y59gMY38tl4/i0qewcqohPdEbieBy7SovpBL9IFebhc2mDd8x4PZSOsiFRkpPcOq6bj1r/mjH/Rk73gSlIJP2A==
